// !$*UTF8*$!
{
	archiveVersion = 1;
	classes = {
	};
	objectVersion = 50;
	objects = {

/* Begin PBXBuildFile section */
		CA3EC336255D023800E24BFC /* main.cpp in Sources */ = {isa = PBXBuildFile; fileRef = CA3EC335255D023800E24BFC /* main.cpp */; };
		CA3EC352255D1D4100E24BFC /* input_parser.cpp in Sources */ = {isa = PBXBuildFile; fileRef = CA3EC350255D1D4100E24BFC /* input_parser.cpp */; };
		CA3EC357255D2CF300E24BFC /* showtap_file_reader.cpp in Sources */ = {isa = PBXBuildFile; fileRef = CA3EC355255D2CF300E24BFC /* showtap_file_reader.cpp */; };
/* End PBXBuildFile section */

/* Begin PBXCopyFilesBuildPhase section */
		CA3EC330255D023800E24BFC /* CopyFiles */ = {
			isa = PBXCopyFilesBuildPhase;
			buildActionMask = 2147483647;
			dstPath = /usr/share/man/man1/;
			dstSubfolderSpec = 0;
			files = (
			);
			runOnlyForDeploymentPostprocessing = 1;
		};
/* End PBXCopyFilesBuildPhase section */

/* Begin PBXFileReference section */
		CA3EC332255D023800E24BFC /* STCoreLibrary */ = {isa = PBXFileReference; explicitFileType = "compiled.mach-o.executable"; includeInIndex = 0; path = STCoreLibrary; sourceTree = BUILT_PRODUCTS_DIR; };
		CA3EC335255D023800E24BFC /* main.cpp */ = {isa = PBXFileReference; lastKnownFileType = sourcecode.cpp.cpp; path = main.cpp; sourceTree = "<group>"; };
		CA3EC33E255D070500E24BFC /* constants.hpp */ = {isa = PBXFileReference; lastKnownFileType = sourcecode.cpp.h; path = constants.hpp; sourceTree = "<group>"; };
		CA3EC350255D1D4100E24BFC /* input_parser.cpp */ = {isa = PBXFileReference; lastKnownFileType = sourcecode.cpp.cpp; path = input_parser.cpp; sourceTree = "<group>"; };
		CA3EC351255D1D4100E24BFC /* input_parser.hpp */ = {isa = PBXFileReference; lastKnownFileType = sourcecode.cpp.h; path = input_parser.hpp; sourceTree = "<group>"; };
		CA3EC355255D2CF300E24BFC /* showtap_file_reader.cpp */ = {isa = PBXFileReference; lastKnownFileType = sourcecode.cpp.cpp; path = showtap_file_reader.cpp; sourceTree = "<group>"; };
		CA3EC356255D2CF300E24BFC /* showtap_file_reader.hpp */ = {isa = PBXFileReference; lastKnownFileType = sourcecode.cpp.h; path = showtap_file_reader.hpp; sourceTree = "<group>"; };
		CA3EC35B255D2FC000E24BFC /* errors.hpp */ = {isa = PBXFileReference; lastKnownFileType = sourcecode.cpp.h; path = errors.hpp; sourceTree = "<group>"; };
		CA3EC35F255D36F400E24BFC /* CMakeLists.txt */ = {isa = PBXFileReference; lastKnownFileType = text; path = CMakeLists.txt; sourceTree = "<group>"; };
		CA75DB42255E886000B2B1DE /* CMakeLists.txt */ = {isa = PBXFileReference; lastKnownFileType = text; path = CMakeLists.txt; sourceTree = "<group>"; };
		CA75DB43255E887600B2B1DE /* CMakeLists.txt */ = {isa = PBXFileReference; lastKnownFileType = text; path = CMakeLists.txt; sourceTree = "<group>"; };
/* End PBXFileReference section */

/* Begin PBXFrameworksBuildPhase section */
		CA3EC32F255D023800E24BFC /* Frameworks */ = {
			isa = PBXFrameworksBuildPhase;
			buildActionMask = 2147483647;
			files = (
			);
			runOnlyForDeploymentPostprocessing = 0;
		};
/* End PBXFrameworksBuildPhase section */

/* Begin PBXGroup section */
		CA1276A425638D7500F1F896 /* include */ = {
			isa = PBXGroup;
			children = (
				CA3EC351255D1D4100E24BFC /* input_parser.hpp */,
				CA3EC356255D2CF300E24BFC /* showtap_file_reader.hpp */,
				CA3EC33E255D070500E24BFC /* constants.hpp */,
				CA3EC35B255D2FC000E24BFC /* errors.hpp */,
			);
			path = include;
			sourceTree = "<group>";
		};
		CA3EC329255D023800E24BFC = {
			isa = PBXGroup;
			children = (
				CA3EC334255D023800E24BFC /* STCoreLibrary */,
				CA3EC333255D023800E24BFC /* Products */,
			);
			sourceTree = "<group>";
		};
		CA3EC333255D023800E24BFC /* Products */ = {
			isa = PBXGroup;
			children = (
				CA3EC332255D023800E24BFC /* STCoreLibrary */,
			);
			name = Products;
			sourceTree = "<group>";
		};
		CA3EC334255D023800E24BFC /* STCoreLibrary */ = {
			isa = PBXGroup;
			children = (
				CA1276A425638D7500F1F896 /* include */,
				CA3EC354255D2CB400E24BFC /* reader */,
				CA3EC34F255D1D2F00E24BFC /* parser */,
				CA3EC335255D023800E24BFC /* main.cpp */,
				CA3EC35F255D36F400E24BFC /* CMakeLists.txt */,
			);
			path = STCoreLibrary;
			sourceTree = "<group>";
		};
		CA3EC34F255D1D2F00E24BFC /* parser */ = {
			isa = PBXGroup;
			children = (
				CA3EC350255D1D4100E24BFC /* input_parser.cpp */,
				CA75DB42255E886000B2B1DE /* CMakeLists.txt */,
			);
			path = parser;
			sourceTree = "<group>";
		};
		CA3EC354255D2CB400E24BFC /* reader */ = {
			isa = PBXGroup;
			children = (
				CA3EC355255D2CF300E24BFC /* showtap_file_reader.cpp */,
				CA75DB43255E887600B2B1DE /* CMakeLists.txt */,
			);
			path = reader;
			sourceTree = "<group>";
		};
/* End PBXGroup section */

/* Begin PBXNativeTarget section */
		CA3EC331255D023800E24BFC /* STCoreLibrary */ = {
			isa = PBXNativeTarget;
			buildConfigurationList = CA3EC339255D023800E24BFC /* Build configuration list for PBXNativeTarget "STCoreLibrary" */;
			buildPhases = (
				CA3EC32E255D023800E24BFC /* Sources */,
				CA3EC32F255D023800E24BFC /* Frameworks */,
				CA3EC330255D023800E24BFC /* CopyFiles */,
			);
			buildRules = (
			);
			dependencies = (
			);
			name = STCoreLibrary;
			productName = STCoreLibrary;
			productReference = CA3EC332255D023800E24BFC /* STCoreLibrary */;
			productType = "com.apple.product-type.tool";
		};
/* End PBXNativeTarget section */

/* Begin PBXProject section */
		CA3EC32A255D023800E24BFC /* Project object */ = {
			isa = PBXProject;
			attributes = {
				LastUpgradeCheck = 1210;
				TargetAttributes = {
					CA3EC331255D023800E24BFC = {
						CreatedOnToolsVersion = 12.1;
					};
				};
			};
			buildConfigurationList = CA3EC32D255D023800E24BFC /* Build configuration list for PBXProject "STCoreLibrary" */;
			compatibilityVersion = "Xcode 9.3";
			developmentRegion = en;
			hasScannedForEncodings = 0;
			knownRegions = (
				en,
				Base,
			);
			mainGroup = CA3EC329255D023800E24BFC;
			productRefGroup = CA3EC333255D023800E24BFC /* Products */;
			projectDirPath = "";
			projectRoot = "";
			targets = (
				CA3EC331255D023800E24BFC /* STCoreLibrary */,
			);
		};
/* End PBXProject section */

/* Begin PBXSourcesBuildPhase section */
		CA3EC32E255D023800E24BFC /* Sources */ = {
			isa = PBXSourcesBuildPhase;
			buildActionMask = 2147483647;
			files = (
				CA3EC336255D023800E24BFC /* main.cpp in Sources */,
				CA3EC352255D1D4100E24BFC /* input_parser.cpp in Sources */,
				CA3EC357255D2CF300E24BFC /* showtap_file_reader.cpp in Sources */,
			);
			runOnlyForDeploymentPostprocessing = 0;
		};
/* End PBXSourcesBuildPhase section */

/* Begin XCBuildConfiguration section */
		CA3EC337255D023800E24BFC /* Debug */ = {
			isa = XCBuildConfiguration;
			buildSettings = {
				ALWAYS_SEARCH_USER_PATHS = NO;
				CLANG_ANALYZER_NONNULL = YES;
				CLANG_ANALYZER_NUMBER_OBJECT_CONVERSION = YES_AGGRESSIVE;
				CLANG_CXX_LANGUAGE_STANDARD = "gnu++14";
				CLANG_CXX_LIBRARY = "libc++";
				CLANG_ENABLE_MODULES = YES;
				CLANG_ENABLE_OBJC_ARC = YES;
				CLANG_ENABLE_OBJC_WEAK = YES;
				CLANG_WARN_BLOCK_CAPTURE_AUTORELEASING = YES;
				CLANG_WARN_BOOL_CONVERSION = YES;
				CLANG_WARN_COMMA = YES;
				CLANG_WARN_CONSTANT_CONVERSION = YES;
				CLANG_WARN_DEPRECATED_OBJC_IMPLEMENTATIONS = YES;
				CLANG_WARN_DIRECT_OBJC_ISA_USAGE = YES_ERROR;
				CLANG_WARN_DOCUMENTATION_COMMENTS = YES;
				CLANG_WARN_EMPTY_BODY = YES;
				CLANG_WARN_ENUM_CONVERSION = YES;
				CLANG_WARN_INFINITE_RECURSION = YES;
				CLANG_WARN_INT_CONVERSION = YES;
				CLANG_WARN_NON_LITERAL_NULL_CONVERSION = YES;
				CLANG_WARN_OBJC_IMPLICIT_RETAIN_SELF = YES;
				CLANG_WARN_OBJC_LITERAL_CONVERSION = YES;
				CLANG_WARN_OBJC_ROOT_CLASS = YES_ERROR;
				CLANG_WARN_QUOTED_INCLUDE_IN_FRAMEWORK_HEADER = YES;
				CLANG_WARN_RANGE_LOOP_ANALYSIS = YES;
				CLANG_WARN_STRICT_PROTOTYPES = YES;
				CLANG_WARN_SUSPICIOUS_MOVE = YES;
				CLANG_WARN_UNGUARDED_AVAILABILITY = YES_AGGRESSIVE;
				CLANG_WARN_UNREACHABLE_CODE = YES;
				CLANG_WARN__DUPLICATE_METHOD_MATCH = YES;
				COPY_PHASE_STRIP = NO;
				DEBUG_INFORMATION_FORMAT = dwarf;
				ENABLE_STRICT_OBJC_MSGSEND = YES;
				ENABLE_TESTABILITY = YES;
				GCC_C_LANGUAGE_STANDARD = gnu11;
				GCC_DYNAMIC_NO_PIC = NO;
				GCC_NO_COMMON_BLOCKS = YES;
				GCC_OPTIMIZATION_LEVEL = 0;
				GCC_PREPROCESSOR_DEFINITIONS = (
					"DEBUG=1",
					"$(inherited)",
				);
				GCC_WARN_64_TO_32_BIT_CONVERSION = YES;
				GCC_WARN_ABOUT_RETURN_TYPE = YES_ERROR;
				GCC_WARN_UNDECLARED_SELECTOR = YES;
				GCC_WARN_UNINITIALIZED_AUTOS = YES_AGGRESSIVE;
				GCC_WARN_UNUSED_FUNCTION = YES;
				GCC_WARN_UNUSED_VARIABLE = YES;
				HEADER_SEARCH_PATHS = /usr/local/boost_1_74_0/include/;
				LIBRARY_SEARCH_PATHS = /usr/local/boost_1_74_0/lib/;
				MACOSX_DEPLOYMENT_TARGET = 10.15;
				MTL_ENABLE_DEBUG_INFO = INCLUDE_SOURCE;
				MTL_FAST_MATH = YES;
				ONLY_ACTIVE_ARCH = YES;
				SDKROOT = macosx;
			};
			name = Debug;
		};
		CA3EC338255D023800E24BFC /* Release */ = {
			isa = XCBuildConfiguration;
			buildSettings = {
				ALWAYS_SEARCH_USER_PATHS = NO;
				CLANG_ANALYZER_NONNULL = YES;
				CLANG_ANALYZER_NUMBER_OBJECT_CONVERSION = YES_AGGRESSIVE;
				CLANG_CXX_LANGUAGE_STANDARD = "gnu++14";
				CLANG_CXX_LIBRARY = "libc++";
				CLANG_ENABLE_MODULES = YES;
				CLANG_ENABLE_OBJC_ARC = YES;
				CLANG_ENABLE_OBJC_WEAK = YES;
				CLANG_WARN_BLOCK_CAPTURE_AUTORELEASING = YES;
				CLANG_WARN_BOOL_CONVERSION = YES;
				CLANG_WARN_COMMA = YES;
				CLANG_WARN_CONSTANT_CONVERSION = YES;
				CLANG_WARN_DEPRECATED_OBJC_IMPLEMENTATIONS = YES;
				CLANG_WARN_DIRECT_OBJC_ISA_USAGE = YES_ERROR;
				CLANG_WARN_DOCUMENTATION_COMMENTS = YES;
				CLANG_WARN_EMPTY_BODY = YES;
				CLANG_WARN_ENUM_CONVERSION = YES;
				CLANG_WARN_INFINITE_RECURSION = YES;
				CLANG_WARN_INT_CONVERSION = YES;
				CLANG_WARN_NON_LITERAL_NULL_CONVERSION = YES;
				CLANG_WARN_OBJC_IMPLICIT_RETAIN_SELF = YES;
				CLANG_WARN_OBJC_LITERAL_CONVERSION = YES;
				CLANG_WARN_OBJC_ROOT_CLASS = YES_ERROR;
				CLANG_WARN_QUOTED_INCLUDE_IN_FRAMEWORK_HEADER = YES;
				CLANG_WARN_RANGE_LOOP_ANALYSIS = YES;
				CLANG_WARN_STRICT_PROTOTYPES = YES;
				CLANG_WARN_SUSPICIOUS_MOVE = YES;
				CLANG_WARN_UNGUARDED_AVAILABILITY = YES_AGGRESSIVE;
				CLANG_WARN_UNREACHABLE_CODE = YES;
				CLANG_WARN__DUPLICATE_METHOD_MATCH = YES;
				COPY_PHASE_STRIP = NO;
				DEBUG_INFORMATION_FORMAT = "dwarf-with-dsym";
				ENABLE_NS_ASSERTIONS = NO;
				ENABLE_STRICT_OBJC_MSGSEND = YES;
				GCC_C_LANGUAGE_STANDARD = gnu11;
				GCC_NO_COMMON_BLOCKS = YES;
				GCC_WARN_64_TO_32_BIT_CONVERSION = YES;
				GCC_WARN_ABOUT_RETURN_TYPE = YES_ERROR;
				GCC_WARN_UNDECLARED_SELECTOR = YES;
				GCC_WARN_UNINITIALIZED_AUTOS = YES_AGGRESSIVE;
				GCC_WARN_UNUSED_FUNCTION = YES;
				GCC_WARN_UNUSED_VARIABLE = YES;
				HEADER_SEARCH_PATHS = /usr/local/boost_1_74_0/include/;
				LIBRARY_SEARCH_PATHS = /usr/local/boost_1_74_0/lib/;
				MACOSX_DEPLOYMENT_TARGET = 10.15;
				MTL_ENABLE_DEBUG_INFO = NO;
				MTL_FAST_MATH = YES;
				SDKROOT = macosx;
			};
			name = Release;
		};
		CA3EC33A255D023800E24BFC /* Debug */ = {
			isa = XCBuildConfiguration;
			buildSettings = {
				CODE_SIGN_STYLE = Automatic;
				PRODUCT_NAME = "$(TARGET_NAME)";
			};
			name = Debug;
		};
		CA3EC33B255D023800E24BFC /* Release */ = {
			isa = XCBuildConfiguration;
			buildSettings = {
				CODE_SIGN_STYLE = Automatic;
				PRODUCT_NAME = "$(TARGET_NAME)";
			};
			name = Release;
		};
/* End XCBuildConfiguration section */

/* Begin XCConfigurationList section */
		CA3EC32D255D023800E24BFC /* Build configuration list for PBXProject "STCoreLibrary" */ = {
			isa = XCConfigurationList;
			buildConfigurations = (
				CA3EC337255D023800E24BFC /* Debug */,
				CA3EC338255D023800E24BFC /* Release */,
			);
			defaultConfigurationIsVisible = 0;
			defaultConfigurationName = Release;
		};
		CA3EC339255D023800E24BFC /* Build configuration list for PBXNativeTarget "STCoreLibrary" */ = {
			isa = XCConfigurationList;
			buildConfigurations = (
				CA3EC33A255D023800E24BFC /* Debug */,
				CA3EC33B255D023800E24BFC /* Release */,
			);
			defaultConfigurationIsVisible = 0;
			defaultConfigurationName = Release;
		};
/* End XCConfigurationList section */
	};
	rootObject = CA3EC32A255D023800E24BFC /* Project object */;
}
